
Microsoft Visual Studio Solution File, Format Version 12.00
# Visual Studio Version 17
VisualStudioVersion = 17.0.31903.59
MinimumVisualStudioVersion = 10.0.40219.1
Project("{2150E333-8FDC-42A3-9474-1A3956D46DE8}") = "api", "api", "{D82C56D6-B2CD-F611-9E31-04638F7EC30E}"
EndProject
Project("{2150E333-8FDC-42A3-9474-1A3956D46DE8}") = "src", "src", "{7218997D-3624-D017-E052-9D306D24EF0B}"
EndProject
Project("{2150E333-8FDC-42A3-9474-1A3956D46DE8}") = "Domain", "Domain", "{5FCA9ECB-35C1-CC63-8466-3CD75BD28856}"
EndProject
Project("{FAE04EC0-301F-11D3-BF4B-00C04F79EFBC}") = "SemiOtonom.Domain", "api\src\Domain\SemiOtonom.Domain.csproj", "{EFFCCDC0-7BBD-4B7B-9D6B-14B026134E06}"
EndProject
Project("{2150E333-8FDC-42A3-9474-1A3956D46DE8}") = "Application", "Application", "{A79DACA6-F25A-F094-A674-5B5FF4485D96}"
EndProject
Project("{FAE04EC0-301F-11D3-BF4B-00C04F79EFBC}") = "SemiOtonom.Application", "api\src\Application\SemiOtonom.Application.csproj", "{CA925726-8CA0-4261-A627-8AB609DFD822}"
EndProject
Project("{2150E333-8FDC-42A3-9474-1A3956D46DE8}") = "Infrastructure", "Infrastructure", "{A1ACAC3A-CC2B-E125-A17E-33B17B17F4AC}"
EndProject
Project("{FAE04EC0-301F-11D3-BF4B-00C04F79EFBC}") = "SemiOtonom.Infrastructure", "api\src\Infrastructure\SemiOtonom.Infrastructure.csproj", "{E93C9416-AD2D-4E13-BBFB-96DBB18EBCC5}"
EndProject
Project("{FAE04EC0-301F-11D3-BF4B-00C04F79EFBC}") = "Api", "api\src\Api\Api.csproj", "{BF7C3A55-A329-4718-9560-B8C1F4F09583}"
EndProject
Project("{2150E333-8FDC-42A3-9474-1A3956D46DE8}") = "tests", "tests", "{BA474DCE-A160-6553-7451-04E3D54504A5}"
EndProject
Project("{FAE04EC0-301F-11D3-BF4B-00C04F79EFBC}") = "Api.Tests", "api\tests\Api.Tests\Api.Tests.csproj", "{2B41D098-2670-4F2A-A905-5611DF1141EF}"
EndProject
Global
	GlobalSection(SolutionConfigurationPlatforms) = preSolution
		Debug|Any CPU = Debug|Any CPU
		Debug|x64 = Debug|x64
		Debug|x86 = Debug|x86
		Release|Any CPU = Release|Any CPU
		Release|x64 = Release|x64
		Release|x86 = Release|x86
	EndGlobalSection
	GlobalSection(ProjectConfigurationPlatforms) = postSolution
		{EFFCCDC0-7BBD-4B7B-9D6B-14B026134E06}.Debug|Any CPU.ActiveCfg = Debug|Any CPU
		{EFFCCDC0-7BBD-4B7B-9D6B-14B026134E06}.Debug|Any CPU.Build.0 = Debug|Any CPU
		{EFFCCDC0-7BBD-4B7B-9D6B-14B026134E06}.Debug|x64.ActiveCfg = Debug|Any CPU
		{EFFCCDC0-7BBD-4B7B-9D6B-14B026134E06}.Debug|x64.Build.0 = Debug|Any CPU
		{EFFCCDC0-7BBD-4B7B-9D6B-14B026134E06}.Debug|x86.ActiveCfg = Debug|Any CPU
		{EFFCCDC0-7BBD-4B7B-9D6B-14B026134E06}.Debug|x86.Build.0 = Debug|Any CPU
		{EFFCCDC0-7BBD-4B7B-9D6B-14B026134E06}.Release|Any CPU.ActiveCfg = Release|Any CPU
		{EFFCCDC0-7BBD-4B7B-9D6B-14B026134E06}.Release|Any CPU.Build.0 = Release|Any CPU
		{EFFCCDC0-7BBD-4B7B-9D6B-14B026134E06}.Release|x64.ActiveCfg = Release|Any CPU
		{EFFCCDC0-7BBD-4B7B-9D6B-14B026134E06}.Release|x64.Build.0 = Release|Any CPU
		{EFFCCDC0-7BBD-4B7B-9D6B-14B026134E06}.Release|x86.ActiveCfg = Release|Any CPU
		{EFFCCDC0-7BBD-4B7B-9D6B-14B026134E06}.Release|x86.Build.0 = Release|Any CPU
		{CA925726-8CA0-4261-A627-8AB609DFD822}.Debug|Any CPU.ActiveCfg = Debug|Any CPU
		{CA925726-8CA0-4261-A627-8AB609DFD822}.Debug|Any CPU.Build.0 = Debug|Any CPU
		{CA925726-8CA0-4261-A627-8AB609DFD822}.Debug|x64.ActiveCfg = Debug|Any CPU
		{CA925726-8CA0-4261-A627-8AB609DFD822}.Debug|x64.Build.0 = Debug|Any CPU
		{CA925726-8CA0-4261-A627-8AB609DFD822}.Debug|x86.ActiveCfg = Debug|Any CPU
		{CA925726-8CA0-4261-A627-8AB609DFD822}.Debug|x86.Build.0 = Debug|Any CPU
		{CA925726-8CA0-4261-A627-8AB609DFD822}.Release|Any CPU.ActiveCfg = Release|Any CPU
		{CA925726-8CA0-4261-A627-8AB609DFD822}.Release|Any CPU.Build.0 = Release|Any CPU
		{CA925726-8CA0-4261-A627-8AB609DFD822}.Release|x64.ActiveCfg = Release|Any CPU
		{CA925726-8CA0-4261-A627-8AB609DFD822}.Release|x64.Build.0 = Release|Any CPU
		{CA925726-8CA0-4261-A627-8AB609DFD822}.Release|x86.ActiveCfg = Release|Any CPU
		{CA925726-8CA0-4261-A627-8AB609DFD822}.Release|x86.Build.0 = Release|Any CPU
		{E93C9416-AD2D-4E13-BBFB-96DBB18EBCC5}.Debug|Any CPU.ActiveCfg = Debug|Any CPU
		{E93C9416-AD2D-4E13-BBFB-96DBB18EBCC5}.Debug|Any CPU.Build.0 = Debug|Any CPU
		{E93C9416-AD2D-4E13-BBFB-96DBB18EBCC5}.Debug|x64.ActiveCfg = Debug|Any CPU
		{E93C9416-AD2D-4E13-BBFB-96DBB18EBCC5}.Debug|x64.Build.0 = Debug|Any CPU
		{E93C9416-AD2D-4E13-BBFB-96DBB18EBCC5}.Debug|x86.ActiveCfg = Debug|Any CPU
		{E93C9416-AD2D-4E13-BBFB-96DBB18EBCC5}.Debug|x86.Build.0 = Debug|Any CPU
		{E93C9416-AD2D-4E13-BBFB-96DBB18EBCC5}.Release|Any CPU.ActiveCfg = Release|Any CPU
		{E93C9416-AD2D-4E13-BBFB-96DBB18EBCC5}.Release|Any CPU.Build.0 = Release|Any CPU
		{E93C9416-AD2D-4E13-BBFB-96DBB18EBCC5}.Release|x64.ActiveCfg = Release|Any CPU
		{E93C9416-AD2D-4E13-BBFB-96DBB18EBCC5}.Release|x64.Build.0 = Release|Any CPU
		{E93C9416-AD2D-4E13-BBFB-96DBB18EBCC5}.Release|x86.ActiveCfg = Release|Any CPU
		{E93C9416-AD2D-4E13-BBFB-96DBB18EBCC5}.Release|x86.Build.0 = Release|Any CPU
		{BF7C3A55-A329-4718-9560-B8C1F4F09583}.Debug|Any CPU.ActiveCfg = Debug|Any CPU
		{BF7C3A55-A329-4718-9560-B8C1F4F09583}.Debug|Any CPU.Build.0 = Debug|Any CPU
		{BF7C3A55-A329-4718-9560-B8C1F4F09583}.Debug|x64.ActiveCfg = Debug|Any CPU
		{BF7C3A55-A329-4718-9560-B8C1F4F09583}.Debug|x64.Build.0 = Debug|Any CPU
		{BF7C3A55-A329-4718-9560-B8C1F4F09583}.Debug|x86.ActiveCfg = Debug|Any CPU
		{BF7C3A55-A329-4718-9560-B8C1F4F09583}.Debug|x86.Build.0 = Debug|Any CPU
		{BF7C3A55-A329-4718-9560-B8C1F4F09583}.Release|Any CPU.ActiveCfg = Release|Any CPU
		{BF7C3A55-A329-4718-9560-B8C1F4F09583}.Release|Any CPU.Build.0 = Release|Any CPU
		{BF7C3A55-A329-4718-9560-B8C1F4F09583}.Release|x64.ActiveCfg = Release|Any CPU
		{BF7C3A55-A329-4718-9560-B8C1F4F09583}.Release|x64.Build.0 = Release|Any CPU
		{BF7C3A55-A329-4718-9560-B8C1F4F09583}.Release|x86.ActiveCfg = Release|Any CPU
		{BF7C3A55-A329-4718-9560-B8C1F4F09583}.Release|x86.Build.0 = Release|Any CPU
		{2B41D098-2670-4F2A-A905-5611DF1141EF}.Debug|Any CPU.ActiveCfg = Debug|Any CPU
		{2B41D098-2670-4F2A-A905-5611DF1141EF}.Debug|Any CPU.Build.0 = Debug|Any CPU
		{2B41D098-2670-4F2A-A905-5611DF1141EF}.Debug|x64.ActiveCfg = Debug|Any CPU
		{2B41D098-2670-4F2A-A905-5611DF1141EF}.Debug|x64.Build.0 = Debug|Any CPU
		{2B41D098-2670-4F2A-A905-5611DF1141EF}.Debug|x86.ActiveCfg = Debug|Any CPU
		{2B41D098-2670-4F2A-A905-5611DF1141EF}.Debug|x86.Build.0 = Debug|Any CPU
		{2B41D098-2670-4F2A-A905-5611DF1141EF}.Release|Any CPU.ActiveCfg = Release|Any CPU
		{2B41D098-2670-4F2A-A905-5611DF1141EF}.Release|Any CPU.Build.0 = Release|Any CPU
		{2B41D098-2670-4F2A-A905-5611DF1141EF}.Release|x64.ActiveCfg = Release|Any CPU
		{2B41D098-2670-4F2A-A905-5611DF1141EF}.Release|x64.Build.0 = Release|Any CPU
		{2B41D098-2670-4F2A-A905-5611DF1141EF}.Release|x86.ActiveCfg = Release|Any CPU
		{2B41D098-2670-4F2A-A905-5611DF1141EF}.Release|x86.Build.0 = Release|Any CPU
	EndGlobalSection
	GlobalSection(SolutionProperties) = preSolution
		HideSolutionNode = FALSE
	EndGlobalSection
	GlobalSection(NestedProjects) = preSolution
		{7218997D-3624-D017-E052-9D306D24EF0B} = {D82C56D6-B2CD-F611-9E31-04638F7EC30E}
		{5FCA9ECB-35C1-CC63-8466-3CD75BD28856} = {7218997D-3624-D017-E052-9D306D24EF0B}
		{EFFCCDC0-7BBD-4B7B-9D6B-14B026134E06} = {5FCA9ECB-35C1-CC63-8466-3CD75BD28856}
		{A79DACA6-F25A-F094-A674-5B5FF4485D96} = {7218997D-3624-D017-E052-9D306D24EF0B}
		{CA925726-8CA0-4261-A627-8AB609DFD822} = {A79DACA6-F25A-F094-A674-5B5FF4485D96}
		{A1ACAC3A-CC2B-E125-A17E-33B17B17F4AC} = {7218997D-3624-D017-E052-9D306D24EF0B}
		{E93C9416-AD2D-4E13-BBFB-96DBB18EBCC5} = {A1ACAC3A-CC2B-E125-A17E-33B17B17F4AC}
		{BF7C3A55-A329-4718-9560-B8C1F4F09583} = {7218997D-3624-D017-E052-9D306D24EF0B}
		{BA474DCE-A160-6553-7451-04E3D54504A5} = {D82C56D6-B2CD-F611-9E31-04638F7EC30E}
		{2B41D098-2670-4F2A-A905-5611DF1141EF} = {BA474DCE-A160-6553-7451-04E3D54504A5}
	EndGlobalSection
EndGlobal
