
Microsoft Visual Studio Solution File, Format Version 12.00
# Visual Studio Version 17
VisualStudioVersion = 17.0.31903.59
MinimumVisualStudioVersion = 10.0.40219.1
Project("{2150E333-8FDC-42A3-9474-1A3956D46DE8}") = "src", "src", "{827E0CD3-B72D-47B6-A68D-7590B98EB39B}"
EndProject
Project("{FAE04EC0-301F-11D3-BF4B-00C04F79EFBC}") = "Api", "src\Api\Api.csproj", "{10971B27-3CDF-49CA-B2D8-3249461ACFAE}"
EndProject
Project("{2150E333-8FDC-42A3-9474-1A3956D46DE8}") = "tests", "tests", "{0AB3BF05-4346-4AA6-1389-037BE0695223}"
EndProject
Project("{FAE04EC0-301F-11D3-BF4B-00C04F79EFBC}") = "Api.Tests", "tests\Api.Tests\Api.Tests.csproj", "{14CB7CBB-3864-4AA7-888F-3F792B65CED5}"
EndProject
Project("{FAE04EC0-301F-11D3-BF4B-00C04F79EFBC}") = "SemiOtonom.Domain", "src\Domain\SemiOtonom.Domain.csproj", "{E9C3A1F2-6398-419E-832B-7D93BBDB7259}"
EndProject
Project("{FAE04EC0-301F-11D3-BF4B-00C04F79EFBC}") = "SemiOtonom.Application", "src\Application\SemiOtonom.Application.csproj", "{5F2D01EB-FED4-4258-9A6D-FF29C1256C12}"
EndProject
Project("{FAE04EC0-301F-11D3-BF4B-00C04F79EFBC}") = "SemiOtonom.Infrastructure", "src\Infrastructure\SemiOtonom.Infrastructure.csproj", "{A3B0B3DB-257C-461D-AC81-D55AFC51FF1D}"
EndProject
Global
	GlobalSection(SolutionConfigurationPlatforms) = preSolution
		Debug|Any CPU = Debug|Any CPU
		Debug|x64 = Debug|x64
		Debug|x86 = Debug|x86
		Release|Any CPU = Release|Any CPU
		Release|x64 = Release|x64
		Release|x86 = Release|x86
	EndGlobalSection
	GlobalSection(ProjectConfigurationPlatforms) = postSolution
		{10971B27-3CDF-49CA-B2D8-3249461ACFAE}.Debug|Any CPU.ActiveCfg = Debug|Any CPU
		{10971B27-3CDF-49CA-B2D8-3249461ACFAE}.Debug|Any CPU.Build.0 = Debug|Any CPU
		{10971B27-3CDF-49CA-B2D8-3249461ACFAE}.Debug|x64.ActiveCfg = Debug|Any CPU
		{10971B27-3CDF-49CA-B2D8-3249461ACFAE}.Debug|x64.Build.0 = Debug|Any CPU
		{10971B27-3CDF-49CA-B2D8-3249461ACFAE}.Debug|x86.ActiveCfg = Debug|Any CPU
		{10971B27-3CDF-49CA-B2D8-3249461ACFAE}.Debug|x86.Build.0 = Debug|Any CPU
		{10971B27-3CDF-49CA-B2D8-3249461ACFAE}.Release|Any CPU.ActiveCfg = Release|Any CPU
		{10971B27-3CDF-49CA-B2D8-3249461ACFAE}.Release|Any CPU.Build.0 = Release|Any CPU
		{10971B27-3CDF-49CA-B2D8-3249461ACFAE}.Release|x64.ActiveCfg = Release|Any CPU
		{10971B27-3CDF-49CA-B2D8-3249461ACFAE}.Release|x64.Build.0 = Release|Any CPU
		{10971B27-3CDF-49CA-B2D8-3249461ACFAE}.Release|x86.ActiveCfg = Release|Any CPU
		{10971B27-3CDF-49CA-B2D8-3249461ACFAE}.Release|x86.Build.0 = Release|Any CPU
		{14CB7CBB-3864-4AA7-888F-3F792B65CED5}.Debug|Any CPU.ActiveCfg = Debug|Any CPU
		{14CB7CBB-3864-4AA7-888F-3F792B65CED5}.Debug|Any CPU.Build.0 = Debug|Any CPU
		{14CB7CBB-3864-4AA7-888F-3F792B65CED5}.Debug|x64.ActiveCfg = Debug|Any CPU
		{14CB7CBB-3864-4AA7-888F-3F792B65CED5}.Debug|x64.Build.0 = Debug|Any CPU
		{14CB7CBB-3864-4AA7-888F-3F792B65CED5}.Debug|x86.ActiveCfg = Debug|Any CPU
		{14CB7CBB-3864-4AA7-888F-3F792B65CED5}.Debug|x86.Build.0 = Debug|Any CPU
		{14CB7CBB-3864-4AA7-888F-3F792B65CED5}.Release|Any CPU.ActiveCfg = Release|Any CPU
		{14CB7CBB-3864-4AA7-888F-3F792B65CED5}.Release|Any CPU.Build.0 = Release|Any CPU
		{14CB7CBB-3864-4AA7-888F-3F792B65CED5}.Release|x64.ActiveCfg = Release|Any CPU
		{14CB7CBB-3864-4AA7-888F-3F792B65CED5}.Release|x64.Build.0 = Release|Any CPU
		{14CB7CBB-3864-4AA7-888F-3F792B65CED5}.Release|x86.ActiveCfg = Release|Any CPU
		{14CB7CBB-3864-4AA7-888F-3F792B65CED5}.Release|x86.Build.0 = Release|Any CPU
		{E9C3A1F2-6398-419E-832B-7D93BBDB7259}.Debug|Any CPU.ActiveCfg = Debug|Any CPU
		{E9C3A1F2-6398-419E-832B-7D93BBDB7259}.Debug|Any CPU.Build.0 = Debug|Any CPU
		{E9C3A1F2-6398-419E-832B-7D93BBDB7259}.Debug|x64.ActiveCfg = Debug|Any CPU
		{E9C3A1F2-6398-419E-832B-7D93BBDB7259}.Debug|x64.Build.0 = Debug|Any CPU
		{E9C3A1F2-6398-419E-832B-7D93BBDB7259}.Debug|x86.ActiveCfg = Debug|Any CPU
		{E9C3A1F2-6398-419E-832B-7D93BBDB7259}.Debug|x86.Build.0 = Debug|Any CPU
		{E9C3A1F2-6398-419E-832B-7D93BBDB7259}.Release|Any CPU.ActiveCfg = Release|Any CPU
		{E9C3A1F2-6398-419E-832B-7D93BBDB7259}.Release|Any CPU.Build.0 = Release|Any CPU
		{E9C3A1F2-6398-419E-832B-7D93BBDB7259}.Release|x64.ActiveCfg = Release|Any CPU
		{E9C3A1F2-6398-419E-832B-7D93BBDB7259}.Release|x64.Build.0 = Release|Any CPU
		{E9C3A1F2-6398-419E-832B-7D93BBDB7259}.Release|x86.ActiveCfg = Release|Any CPU
		{E9C3A1F2-6398-419E-832B-7D93BBDB7259}.Release|x86.Build.0 = Release|Any CPU
		{5F2D01EB-FED4-4258-9A6D-FF29C1256C12}.Debug|Any CPU.ActiveCfg = Debug|Any CPU
		{5F2D01EB-FED4-4258-9A6D-FF29C1256C12}.Debug|Any CPU.Build.0 = Debug|Any CPU
		{5F2D01EB-FED4-4258-9A6D-FF29C1256C12}.Debug|x64.ActiveCfg = Debug|Any CPU
		{5F2D01EB-FED4-4258-9A6D-FF29C1256C12}.Debug|x64.Build.0 = Debug|Any CPU
		{5F2D01EB-FED4-4258-9A6D-FF29C1256C12}.Debug|x86.ActiveCfg = Debug|Any CPU
		{5F2D01EB-FED4-4258-9A6D-FF29C1256C12}.Debug|x86.Build.0 = Debug|Any CPU
		{5F2D01EB-FED4-4258-9A6D-FF29C1256C12}.Release|Any CPU.ActiveCfg = Release|Any CPU
		{5F2D01EB-FED4-4258-9A6D-FF29C1256C12}.Release|Any CPU.Build.0 = Release|Any CPU
		{5F2D01EB-FED4-4258-9A6D-FF29C1256C12}.Release|x64.ActiveCfg = Release|Any CPU
		{5F2D01EB-FED4-4258-9A6D-FF29C1256C12}.Release|x64.Build.0 = Release|Any CPU
		{5F2D01EB-FED4-4258-9A6D-FF29C1256C12}.Release|x86.ActiveCfg = Release|Any CPU
		{5F2D01EB-FED4-4258-9A6D-FF29C1256C12}.Release|x86.Build.0 = Release|Any CPU
		{A3B0B3DB-257C-461D-AC81-D55AFC51FF1D}.Debug|Any CPU.ActiveCfg = Debug|Any CPU
		{A3B0B3DB-257C-461D-AC81-D55AFC51FF1D}.Debug|Any CPU.Build.0 = Debug|Any CPU
		{A3B0B3DB-257C-461D-AC81-D55AFC51FF1D}.Debug|x64.ActiveCfg = Debug|Any CPU
		{A3B0B3DB-257C-461D-AC81-D55AFC51FF1D}.Debug|x64.Build.0 = Debug|Any CPU
		{A3B0B3DB-257C-461D-AC81-D55AFC51FF1D}.Debug|x86.ActiveCfg = Debug|Any CPU
		{A3B0B3DB-257C-461D-AC81-D55AFC51FF1D}.Debug|x86.Build.0 = Debug|Any CPU
		{A3B0B3DB-257C-461D-AC81-D55AFC51FF1D}.Release|Any CPU.ActiveCfg = Release|Any CPU
		{A3B0B3DB-257C-461D-AC81-D55AFC51FF1D}.Release|Any CPU.Build.0 = Release|Any CPU
		{A3B0B3DB-257C-461D-AC81-D55AFC51FF1D}.Release|x64.ActiveCfg = Release|Any CPU
		{A3B0B3DB-257C-461D-AC81-D55AFC51FF1D}.Release|x64.Build.0 = Release|Any CPU
		{A3B0B3DB-257C-461D-AC81-D55AFC51FF1D}.Release|x86.ActiveCfg = Release|Any CPU
		{A3B0B3DB-257C-461D-AC81-D55AFC51FF1D}.Release|x86.Build.0 = Release|Any CPU
	EndGlobalSection
	GlobalSection(SolutionProperties) = preSolution
		HideSolutionNode = FALSE
	EndGlobalSection
	GlobalSection(NestedProjects) = preSolution
		{10971B27-3CDF-49CA-B2D8-3249461ACFAE} = {827E0CD3-B72D-47B6-A68D-7590B98EB39B}
		{14CB7CBB-3864-4AA7-888F-3F792B65CED5} = {0AB3BF05-4346-4AA6-1389-037BE0695223}
		{E9C3A1F2-6398-419E-832B-7D93BBDB7259} = {827E0CD3-B72D-47B6-A68D-7590B98EB39B}
		{5F2D01EB-FED4-4258-9A6D-FF29C1256C12} = {827E0CD3-B72D-47B6-A68D-7590B98EB39B}
		{A3B0B3DB-257C-461D-AC81-D55AFC51FF1D} = {827E0CD3-B72D-47B6-A68D-7590B98EB39B}
	EndGlobalSection
EndGlobal
